{
  "name": "@nordicsemiconductor/bifravst-firmware",
  "version": "0.0.0-development",
  "lockfileVersion": 3,
  "requires": true,
  "packages": {
    "": {
      "name": "@nordicsemiconductor/bifravst-firmware",
      "version": "0.0.0-development",
      "license": "Nordic-5-Clause",
      "devDependencies": {
        "@bifravst/prettier-config": "1.0.0",
        "@commitlint/config-conventional": "19.1.0",
        "@octokit/rest": "20.1.0",
        "check-node-version": "4.2.1",
        "husky": "9.0.11",
        "yazl": "2.5.1"
      },
      "engines": {
        "node": ">=20",
        "npm": ">=9"
      }
    },
    "node_modules/@bifravst/prettier-config": {
      "version": "1.0.0",
      "resolved": "https://registry.npmjs.org/@bifravst/prettier-config/-/prettier-config-1.0.0.tgz",
      "integrity": "sha512-1/9Ux7gWRCVuHoRYLMfvQEAswTUi3TEHc5ASaTQMCaizlr7XCY5os6adFGRCBUkSnmJJHsg6wShLtQaqco6p8g==",
      "dev": true,
      "dependencies": {
        "prettier": "3.2.5"
      },
      "engines": {
        "node": ">=20",
        "npm": ">=9"
      }
    },
    "node_modules/@commitlint/config-conventional": {
      "version": "19.1.0",
      "resolved": "https://registry.npmjs.org/@commitlint/config-conventional/-/config-conventional-19.1.0.tgz",
      "integrity": "sha512-KIKD2xrp6Uuk+dcZVj3++MlzIr/Su6zLE8crEDQCZNvWHNQSeeGbzOlNtsR32TUy6H3JbP7nWgduAHCaiGQ6EA==",
      "dev": true,
      "dependencies": {
        "@commitlint/types": "^19.0.3",
        "conventional-changelog-conventionalcommits": "^7.0.2"
      },
      "engines": {
        "node": ">=v18"
      }
    },
    "node_modules/@commitlint/types": {
      "version": "19.0.3",
      "resolved": "https://registry.npmjs.org/@commitlint/types/-/types-19.0.3.tgz",
      "integrity": "sha512-tpyc+7i6bPG9mvaBbtKUeghfyZSDgWquIDfMgqYtTbmZ9Y9VzEm2je9EYcQ0aoz5o7NvGS+rcDec93yO08MHYA==",
      "dev": true,
      "dependencies": {
        "@types/conventional-commits-parser": "^5.0.0",
        "chalk": "^5.3.0"
      },
      "engines": {
        "node": ">=v18"
      }
    },
    "node_modules/@octokit/auth-token": {
      "version": "4.0.0",
      "resolved": "https://registry.npmjs.org/@octokit/auth-token/-/auth-token-4.0.0.tgz",
      "integrity": "sha512-tY/msAuJo6ARbK6SPIxZrPBms3xPbfwBrulZe0Wtr/DIY9lje2HeV1uoebShn6mx7SjCHif6EjMvoREj+gZ+SA==",
      "dev": true,
      "engines": {
        "node": ">= 18"
      }
    },
    "node_modules/@octokit/core": {
      "version": "5.1.0",
      "resolved": "https://registry.npmjs.org/@octokit/core/-/core-5.1.0.tgz",
      "integrity": "sha512-BDa2VAMLSh3otEiaMJ/3Y36GU4qf6GI+VivQ/P41NC6GHcdxpKlqV0ikSZ5gdQsmS3ojXeRx5vasgNTinF0Q4g==",
      "dev": true,
      "dependencies": {
        "@octokit/auth-token": "^4.0.0",
        "@octokit/graphql": "^7.0.0",
        "@octokit/request": "^8.0.2",
        "@octokit/request-error": "^5.0.0",
        "@octokit/types": "^12.0.0",
        "before-after-hook": "^2.2.0",
        "universal-user-agent": "^6.0.0"
      },
      "engines": {
        "node": ">= 18"
      }
    },
    "node_modules/@octokit/core/node_modules/@octokit/openapi-types": {
      "version": "20.0.0",
      "resolved": "https://registry.npmjs.org/@octokit/openapi-types/-/openapi-types-20.0.0.tgz",
      "integrity": "sha512-EtqRBEjp1dL/15V7WiX5LJMIxxkdiGJnabzYx5Apx4FkQIFgAfKumXeYAqqJCj1s+BMX4cPFIFC4OLCR6stlnA==",
      "dev": true
    },
    "node_modules/@octokit/core/node_modules/@octokit/types": {
      "version": "12.6.0",
      "resolved": "https://registry.npmjs.org/@octokit/types/-/types-12.6.0.tgz",
      "integrity": "sha512-1rhSOfRa6H9w4YwK0yrf5faDaDTb+yLyBUKOCV4xtCDB5VmIPqd/v9yr9o6SAzOAlRxMiRiCic6JVM1/kunVkw==",
      "dev": true,
      "dependencies": {
        "@octokit/openapi-types": "^20.0.0"
      }
    },
    "node_modules/@octokit/endpoint": {
      "version": "9.0.0",
      "resolved": "https://registry.npmjs.org/@octokit/endpoint/-/endpoint-9.0.0.tgz",
      "integrity": "sha512-szrQhiqJ88gghWY2Htt8MqUDO6++E/EIXqJ2ZEp5ma3uGS46o7LZAzSLt49myB7rT+Hfw5Y6gO3LmOxGzHijAQ==",
      "dev": true,
      "dependencies": {
        "@octokit/types": "^11.0.0",
        "is-plain-object": "^5.0.0",
        "universal-user-agent": "^6.0.0"
      },
      "engines": {
        "node": ">= 18"
      }
    },
    "node_modules/@octokit/graphql": {
      "version": "7.0.1",
      "resolved": "https://registry.npmjs.org/@octokit/graphql/-/graphql-7.0.1.tgz",
      "integrity": "sha512-T5S3oZ1JOE58gom6MIcrgwZXzTaxRnxBso58xhozxHpOqSTgDS6YNeEUvZ/kRvXgPrRz/KHnZhtb7jUMRi9E6w==",
      "dev": true,
      "dependencies": {
        "@octokit/request": "^8.0.1",
        "@octokit/types": "^11.0.0",
        "universal-user-agent": "^6.0.0"
      },
      "engines": {
        "node": ">= 18"
      }
    },
    "node_modules/@octokit/openapi-types": {
      "version": "18.0.0",
      "resolved": "https://registry.npmjs.org/@octokit/openapi-types/-/openapi-types-18.0.0.tgz",
      "integrity": "sha512-V8GImKs3TeQRxRtXFpG2wl19V7444NIOTDF24AWuIbmNaNYOQMWRbjcGDXV5B+0n887fgDcuMNOmlul+k+oJtw==",
      "dev": true
    },
    "node_modules/@octokit/plugin-paginate-rest": {
      "version": "9.2.1",
      "resolved": "https://registry.npmjs.org/@octokit/plugin-paginate-rest/-/plugin-paginate-rest-9.2.1.tgz",
      "integrity": "sha512-wfGhE/TAkXZRLjksFXuDZdmGnJQHvtU/joFQdweXUgzo1XwvBCD4o4+75NtFfjfLK5IwLf9vHTfSiU3sLRYpRw==",
      "dev": true,
      "dependencies": {
        "@octokit/types": "^12.6.0"
      },
      "engines": {
        "node": ">= 18"
      },
      "peerDependencies": {
        "@octokit/core": "5"
      }
    },
    "node_modules/@octokit/plugin-paginate-rest/node_modules/@octokit/openapi-types": {
      "version": "20.0.0",
      "resolved": "https://registry.npmjs.org/@octokit/openapi-types/-/openapi-types-20.0.0.tgz",
      "integrity": "sha512-EtqRBEjp1dL/15V7WiX5LJMIxxkdiGJnabzYx5Apx4FkQIFgAfKumXeYAqqJCj1s+BMX4cPFIFC4OLCR6stlnA==",
      "dev": true
    },
    "node_modules/@octokit/plugin-paginate-rest/node_modules/@octokit/types": {
      "version": "12.6.0",
      "resolved": "https://registry.npmjs.org/@octokit/types/-/types-12.6.0.tgz",
      "integrity": "sha512-1rhSOfRa6H9w4YwK0yrf5faDaDTb+yLyBUKOCV4xtCDB5VmIPqd/v9yr9o6SAzOAlRxMiRiCic6JVM1/kunVkw==",
      "dev": true,
      "dependencies": {
        "@octokit/openapi-types": "^20.0.0"
      }
    },
    "node_modules/@octokit/plugin-request-log": {
      "version": "4.0.0",
      "resolved": "https://registry.npmjs.org/@octokit/plugin-request-log/-/plugin-request-log-4.0.0.tgz",
      "integrity": "sha512-2uJI1COtYCq8Z4yNSnM231TgH50bRkheQ9+aH8TnZanB6QilOnx8RMD2qsnamSOXtDj0ilxvevf5fGsBhBBzKA==",
      "dev": true,
      "engines": {
        "node": ">= 18"
      },
      "peerDependencies": {
        "@octokit/core": ">=5"
      }
    },
    "node_modules/@octokit/plugin-rest-endpoint-methods": {
      "version": "10.4.1",
      "resolved": "https://registry.npmjs.org/@octokit/plugin-rest-endpoint-methods/-/plugin-rest-endpoint-methods-10.4.1.tgz",
      "integrity": "sha512-xV1b+ceKV9KytQe3zCVqjg+8GTGfDYwaT1ATU5isiUyVtlVAO3HNdzpS4sr4GBx4hxQ46s7ITtZrAsxG22+rVg==",
      "dev": true,
      "dependencies": {
        "@octokit/types": "^12.6.0"
      },
      "engines": {
        "node": ">= 18"
      },
      "peerDependencies": {
        "@octokit/core": "5"
      }
    },
    "node_modules/@octokit/plugin-rest-endpoint-methods/node_modules/@octokit/openapi-types": {
      "version": "20.0.0",
      "resolved": "https://registry.npmjs.org/@octokit/openapi-types/-/openapi-types-20.0.0.tgz",
      "integrity": "sha512-EtqRBEjp1dL/15V7WiX5LJMIxxkdiGJnabzYx5Apx4FkQIFgAfKumXeYAqqJCj1s+BMX4cPFIFC4OLCR6stlnA==",
      "dev": true
    },
    "node_modules/@octokit/plugin-rest-endpoint-methods/node_modules/@octokit/types": {
      "version": "12.6.0",
      "resolved": "https://registry.npmjs.org/@octokit/types/-/types-12.6.0.tgz",
      "integrity": "sha512-1rhSOfRa6H9w4YwK0yrf5faDaDTb+yLyBUKOCV4xtCDB5VmIPqd/v9yr9o6SAzOAlRxMiRiCic6JVM1/kunVkw==",
      "dev": true,
      "dependencies": {
        "@octokit/openapi-types": "^20.0.0"
      }
    },
    "node_modules/@octokit/request": {
      "version": "8.0.4",
      "resolved": "https://registry.npmjs.org/@octokit/request/-/request-8.0.4.tgz",
      "integrity": "sha512-YZ1XeDRil4ejHKoBP8BgROgP4auOH5A9lLZH96l39GKKEmsKOccQxKP5M7m+Punblg1bFw8LrdeKIDwIzQ8afA==",
      "dev": true,
      "dependencies": {
        "@octokit/endpoint": "^9.0.0",
        "@octokit/request-error": "^5.0.0",
        "@octokit/types": "^11.0.0",
        "is-plain-object": "^5.0.0",
        "universal-user-agent": "^6.0.0"
      },
      "engines": {
        "node": ">= 18"
      }
    },
    "node_modules/@octokit/request-error": {
      "version": "5.0.0",
      "resolved": "https://registry.npmjs.org/@octokit/request-error/-/request-error-5.0.0.tgz",
      "integrity": "sha512-1ue0DH0Lif5iEqT52+Rf/hf0RmGO9NWFjrzmrkArpG9trFfDM/efx00BJHdLGuro4BR/gECxCU2Twf5OKrRFsQ==",
      "dev": true,
      "dependencies": {
        "@octokit/types": "^11.0.0",
        "deprecation": "^2.0.0",
        "once": "^1.4.0"
      },
      "engines": {
        "node": ">= 18"
      }
    },
    "node_modules/@octokit/rest": {
      "version": "20.1.0",
      "resolved": "https://registry.npmjs.org/@octokit/rest/-/rest-20.1.0.tgz",
      "integrity": "sha512-STVO3itHQLrp80lvcYB2UIKoeil5Ctsgd2s1AM+du3HqZIR35ZH7WE9HLwUOLXH0myA0y3AGNPo8gZtcgIbw0g==",
      "dev": true,
      "dependencies": {
        "@octokit/core": "^5.0.2",
        "@octokit/plugin-paginate-rest": "^9.1.5",
        "@octokit/plugin-request-log": "^4.0.0",
        "@octokit/plugin-rest-endpoint-methods": "^10.2.0"
      },
      "engines": {
        "node": ">= 18"
      }
    },
    "node_modules/@octokit/types": {
      "version": "11.1.0",
      "resolved": "https://registry.npmjs.org/@octokit/types/-/types-11.1.0.tgz",
      "integrity": "sha512-Fz0+7GyLm/bHt8fwEqgvRBWwIV1S6wRRyq+V6exRKLVWaKGsuy6H9QFYeBVDV7rK6fO3XwHgQOPxv+cLj2zpXQ==",
      "dev": true,
      "dependencies": {
        "@octokit/openapi-types": "^18.0.0"
      }
    },
    "node_modules/@types/conventional-commits-parser": {
      "version": "5.0.0",
      "resolved": "https://registry.npmjs.org/@types/conventional-commits-parser/-/conventional-commits-parser-5.0.0.tgz",
      "integrity": "sha512-loB369iXNmAZglwWATL+WRe+CRMmmBPtpolYzIebFaX4YA3x+BEfLqhUAV9WanycKI3TG1IMr5bMJDajDKLlUQ==",
      "dev": true,
      "dependencies": {
        "@types/node": "*"
      }
    },
    "node_modules/@types/node": {
      "version": "20.11.21",
      "resolved": "https://registry.npmjs.org/@types/node/-/node-20.11.21.tgz",
      "integrity": "sha512-/ySDLGscFPNasfqStUuWWPfL78jompfIoVzLJPVVAHBh6rpG68+pI2Gk+fNLeI8/f1yPYL4s46EleVIc20F1Ow==",
      "dev": true,
      "dependencies": {
        "undici-types": "~5.26.4"
      }
    },
    "node_modules/ansi-styles": {
      "version": "4.3.0",
      "resolved": "https://registry.npmjs.org/ansi-styles/-/ansi-styles-4.3.0.tgz",
      "integrity": "sha512-zbB9rCJAT1rbjiVDb2hqKFHNYLxgtk8NURxZ3IZwD3F6NtxbXZQCnnSi1Lkx+IDohdPlFp222wVALIheZJQSEg==",
      "dev": true,
      "dependencies": {
        "color-convert": "^2.0.1"
      },
      "engines": {
        "node": ">=8"
      },
      "funding": {
        "url": "https://github.com/chalk/ansi-styles?sponsor=1"
      }
    },
    "node_modules/array-ify": {
      "version": "1.0.0",
      "resolved": "https://registry.npmjs.org/array-ify/-/array-ify-1.0.0.tgz",
      "integrity": "sha512-c5AMf34bKdvPhQ7tBGhqkgKNUzMr4WUs+WDtC2ZUGOUncbxKMTvqxYctiseW3+L4bA8ec+GcZ6/A/FW4m8ukng==",
      "dev": true
    },
    "node_modules/before-after-hook": {
      "version": "2.2.3",
      "resolved": "https://registry.npmjs.org/before-after-hook/-/before-after-hook-2.2.3.tgz",
      "integrity": "sha512-NzUnlZexiaH/46WDhANlyR2bXRopNg4F/zuSA3OpZnllCUgRaOF2znDioDWrmbNVsuZk6l9pMquQB38cfBZwkQ==",
      "dev": true
    },
    "node_modules/buffer-crc32": {
      "version": "0.2.13",
      "resolved": "https://registry.npmjs.org/buffer-crc32/-/buffer-crc32-0.2.13.tgz",
      "integrity": "sha512-VO9Ht/+p3SN7SKWqcrgEzjGbRSJYTx+Q1pTQC0wrWqHx0vpJraQ6GtHx8tvcg1rlK1byhU5gccxgOgj7B0TDkQ==",
      "dev": true,
      "engines": {
        "node": "*"
      }
    },
    "node_modules/chalk": {
      "version": "5.3.0",
      "resolved": "https://registry.npmjs.org/chalk/-/chalk-5.3.0.tgz",
      "integrity": "sha512-dLitG79d+GV1Nb/VYcCDFivJeK1hiukt9QjRNVOsUtTy1rR1YJsmpGGTZ3qJos+uw7WmWF4wUwBd9jxjocFC2w==",
      "dev": true,
      "engines": {
        "node": "^12.17.0 || ^14.13 || >=16.0.0"
      },
      "funding": {
        "url": "https://github.com/chalk/chalk?sponsor=1"
      }
    },
    "node_modules/check-node-version": {
      "version": "4.2.1",
      "resolved": "https://registry.npmjs.org/check-node-version/-/check-node-version-4.2.1.tgz",
      "integrity": "sha512-YYmFYHV/X7kSJhuN/QYHUu998n/TRuDe8UenM3+m5NrkiH670lb9ILqHIvBencvJc4SDh+XcbXMR4b+TtubJiw==",
      "dev": true,
      "dependencies": {
        "chalk": "^3.0.0",
        "map-values": "^1.0.1",
        "minimist": "^1.2.0",
        "object-filter": "^1.0.2",
        "run-parallel": "^1.1.4",
        "semver": "^6.3.0"
      },
      "bin": {
        "check-node-version": "bin.js"
      },
      "engines": {
        "node": ">=8.3.0"
      }
    },
    "node_modules/check-node-version/node_modules/chalk": {
      "version": "3.0.0",
      "resolved": "https://registry.npmjs.org/chalk/-/chalk-3.0.0.tgz",
      "integrity": "sha512-4D3B6Wf41KOYRFdszmDqMCGq5VV/uMAB273JILmO+3jAlh8X4qDtdtgCR3fxtbLEMzSx22QdhnDcJvu2u1fVwg==",
      "dev": true,
      "dependencies": {
        "ansi-styles": "^4.1.0",
        "supports-color": "^7.1.0"
      },
      "engines": {
        "node": ">=8"
      }
    },
    "node_modules/check-node-version/node_modules/semver": {
      "version": "6.3.0",
      "resolved": "https://registry.npmjs.org/semver/-/semver-6.3.0.tgz",
      "integrity": "sha512-b39TBaTSfV6yBrapU89p5fKekE2m/NwnDocOVruQFS1/veMgdzuPcnOM34M6CwxW8jH/lxEa5rBoDeUwu5HHTw==",
      "dev": true,
      "bin": {
        "semver": "bin/semver.js"
      }
    },
    "node_modules/color-convert": {
      "version": "2.0.1",
      "resolved": "https://registry.npmjs.org/color-convert/-/color-convert-2.0.1.tgz",
      "integrity": "sha512-RRECPsj7iu/xb5oKYcsFHSppFNnsj/52OVTRKb4zP5onXwVF3zVmmToNcOfGC+CRDpfK/U584fMg38ZHCaElKQ==",
      "dev": true,
      "dependencies": {
        "color-name": "~1.1.4"
      },
      "engines": {
        "node": ">=7.0.0"
      }
    },
    "node_modules/color-name": {
      "version": "1.1.4",
      "resolved": "https://registry.npmjs.org/color-name/-/color-name-1.1.4.tgz",
      "integrity": "sha512-dOy+3AuW3a2wNbZHIuMZpTcgjGuLU/uBL/ubcZF9OXbDo8ff4O8yVp5Bf0efS8uEoYo5q4Fx7dY9OgQGXgAsQA==",
      "dev": true
    },
    "node_modules/compare-func": {
      "version": "2.0.0",
      "resolved": "https://registry.npmjs.org/compare-func/-/compare-func-2.0.0.tgz",
      "integrity": "sha512-zHig5N+tPWARooBnb0Zx1MFcdfpyJrfTJ3Y5L+IFvUm8rM74hHz66z0gw0x4tijh5CorKkKUCnW82R2vmpeCRA==",
      "dev": true,
      "dependencies": {
        "array-ify": "^1.0.0",
        "dot-prop": "^5.1.0"
      }
    },
    "node_modules/conventional-changelog-conventionalcommits": {
      "version": "7.0.2",
      "resolved": "https://registry.npmjs.org/conventional-changelog-conventionalcommits/-/conventional-changelog-conventionalcommits-7.0.2.tgz",
      "integrity": "sha512-NKXYmMR/Hr1DevQegFB4MwfM5Vv0m4UIxKZTTYuD98lpTknaZlSRrDOG4X7wIXpGkfsYxZTghUN+Qq+T0YQI7w==",
      "dev": true,
      "dependencies": {
        "compare-func": "^2.0.0"
      },
      "engines": {
        "node": ">=16"
      }
    },
    "node_modules/deprecation": {
      "version": "2.3.1",
      "resolved": "https://registry.npmjs.org/deprecation/-/deprecation-2.3.1.tgz",
      "integrity": "sha512-xmHIy4F3scKVwMsQ4WnVaS8bHOx0DmVwRywosKhaILI0ywMDWPtBSku2HNxRvF7jtwDRsoEwYQSfbxj8b7RlJQ==",
      "dev": true
    },
    "node_modules/dot-prop": {
      "version": "5.3.0",
      "resolved": "https://registry.npmjs.org/dot-prop/-/dot-prop-5.3.0.tgz",
      "integrity": "sha512-QM8q3zDe58hqUqjraQOmzZ1LIH9SWQJTlEKCH4kJ2oQvLZk7RbQXvtDM2XEq3fwkV9CCvvH4LA0AV+ogFsBM2Q==",
      "dev": true,
      "dependencies": {
        "is-obj": "^2.0.0"
      },
      "engines": {
        "node": ">=8"
      }
    },
    "node_modules/has-flag": {
      "version": "4.0.0",
      "resolved": "https://registry.npmjs.org/has-flag/-/has-flag-4.0.0.tgz",
      "integrity": "sha512-EykJT/Q1KjTWctppgIAgfSO0tKVuZUjhgMr17kqTumMl6Afv3EISleU7qZUzoXDFTAHTDC4NOoG/ZxU3EvlMPQ==",
      "dev": true,
      "engines": {
        "node": ">=8"
      }
    },
    "node_modules/husky": {
      "version": "9.0.11",
      "resolved": "https://registry.npmjs.org/husky/-/husky-9.0.11.tgz",
      "integrity": "sha512-AB6lFlbwwyIqMdHYhwPe+kjOC3Oc5P3nThEoW/AaO2BX3vJDjWPFxYLxokUZOo6RNX20He3AaT8sESs9NJcmEw==",
      "dev": true,
      "bin": {
        "husky": "bin.mjs"
      },
      "engines": {
        "node": ">=18"
      },
      "funding": {
        "url": "https://github.com/sponsors/typicode"
      }
    },
    "node_modules/is-obj": {
      "version": "2.0.0",
      "resolved": "https://registry.npmjs.org/is-obj/-/is-obj-2.0.0.tgz",
      "integrity": "sha512-drqDG3cbczxxEJRoOXcOjtdp1J/lyp1mNn0xaznRs8+muBhgQcrnbspox5X5fOw0HnMnbfDzvnEMEtqDEJEo8w==",
      "dev": true,
      "engines": {
        "node": ">=8"
      }
    },
    "node_modules/is-plain-object": {
      "version": "5.0.0",
      "resolved": "https://registry.npmjs.org/is-plain-object/-/is-plain-object-5.0.0.tgz",
      "integrity": "sha512-VRSzKkbMm5jMDoKLbltAkFQ5Qr7VDiTFGXxYFXXowVj387GeGNOCsOH6Msy00SGZ3Fp84b1Naa1psqgcCIEP5Q==",
      "dev": true,
      "engines": {
        "node": ">=0.10.0"
      }
    },
    "node_modules/map-values": {
      "version": "1.0.1",
      "resolved": "https://registry.npmjs.org/map-values/-/map-values-1.0.1.tgz",
      "integrity": "sha512-BbShUnr5OartXJe1GeccAWtfro11hhgNJg6G9/UtWKjVGvV5U4C09cg5nk8JUevhXODaXY+hQ3xxMUKSs62ONQ==",
      "dev": true
    },
    "node_modules/minimist": {
      "version": "1.2.8",
      "resolved": "https://registry.npmjs.org/minimist/-/minimist-1.2.8.tgz",
      "integrity": "sha512-2yyAR8qBkN3YuheJanUpWC5U3bb5osDywNB8RzDVlDwDHbocAJveqqj1u8+SVD7jkWT4yvsHCpWqqWqAxb0zCA==",
      "dev": true,
      "funding": {
        "url": "https://github.com/sponsors/ljharb"
      }
    },
    "node_modules/object-filter": {
      "version": "1.0.2",
      "resolved": "https://registry.npmjs.org/object-filter/-/object-filter-1.0.2.tgz",
      "integrity": "sha512-NahvP2vZcy1ZiiYah30CEPw0FpDcSkSePJBMpzl5EQgCmISijiGuJm3SPYp7U+Lf2TljyaIw3E5EgkEx/TNEVA==",
      "dev": true
    },
    "node_modules/once": {
      "version": "1.4.0",
      "resolved": "https://registry.npmjs.org/once/-/once-1.4.0.tgz",
      "integrity": "sha512-lNaJgI+2Q5URQBkccEKHTQOPaXdUxnZZElQTZY0MFUAuaEqe1E+Nyvgdz/aIyNi6Z9MzO5dv1H8n58/GELp3+w==",
      "dev": true,
      "dependencies": {
        "wrappy": "1"
      }
    },
    "node_modules/prettier": {
      "version": "3.2.5",
      "resolved": "https://registry.npmjs.org/prettier/-/prettier-3.2.5.tgz",
      "integrity": "sha512-3/GWa9aOC0YeD7LUfvOG2NiDyhOWRvt1k+rcKhOuYnMY24iiCphgneUfJDyFXd6rZCAnuLBv6UeAULtrhT/F4A==",
      "dev": true,
      "bin": {
        "prettier": "bin/prettier.cjs"
      },
      "engines": {
        "node": ">=14"
      },
      "funding": {
        "url": "https://github.com/prettier/prettier?sponsor=1"
      }
    },
    "node_modules/queue-microtask": {
      "version": "1.2.3",
      "resolved": "https://registry.npmjs.org/queue-microtask/-/queue-microtask-1.2.3.tgz",
      "integrity": "sha512-NuaNSa6flKT5JaSYQzJok04JzTL1CA6aGhv5rfLW3PgqA+M2ChpZQnAC8h8i4ZFkBS8X5RqkDBHA7r4hej3K9A==",
      "dev": true,
      "funding": [
        {
          "type": "github",
          "url": "https://github.com/sponsors/feross"
        },
        {
          "type": "patreon",
          "url": "https://www.patreon.com/feross"
        },
        {
          "type": "consulting",
          "url": "https://feross.org/support"
        }
      ]
    },
    "node_modules/run-parallel": {
      "version": "1.2.0",
      "resolved": "https://registry.npmjs.org/run-parallel/-/run-parallel-1.2.0.tgz",
      "integrity": "sha512-5l4VyZR86LZ/lDxZTR6jqL8AFE2S0IFLMP26AbjsLVADxHdhB/c0GUsH+y39UfCi3dzz8OlQuPmnaJOMoDHQBA==",
      "dev": true,
      "funding": [
        {
          "type": "github",
          "url": "https://github.com/sponsors/feross"
        },
        {
          "type": "patreon",
          "url": "https://www.patreon.com/feross"
        },
        {
          "type": "consulting",
          "url": "https://feross.org/support"
        }
      ],
      "dependencies": {
        "queue-microtask": "^1.2.2"
      }
    },
    "node_modules/supports-color": {
      "version": "7.2.0",
      "resolved": "https://registry.npmjs.org/supports-color/-/supports-color-7.2.0.tgz",
      "integrity": "sha512-qpCAvRl9stuOHveKsn7HncJRvv501qIacKzQlO/+Lwxc9+0q2wLyv4Dfvt80/DPn2pqOBsJdDiogXGR9+OvwRw==",
      "dev": true,
      "dependencies": {
        "has-flag": "^4.0.0"
      },
      "engines": {
        "node": ">=8"
      }
    },
    "node_modules/undici-types": {
      "version": "5.26.5",
      "resolved": "https://registry.npmjs.org/undici-types/-/undici-types-5.26.5.tgz",
      "integrity": "sha512-JlCMO+ehdEIKqlFxk6IfVoAUVmgz7cU7zD/h9XZ0qzeosSHmUJVOzSQvvYSYWXkFXC+IfLKSIffhv0sVZup6pA==",
      "dev": true
    },
    "node_modules/universal-user-agent": {
      "version": "6.0.0",
      "resolved": "https://registry.npmjs.org/universal-user-agent/-/universal-user-agent-6.0.0.tgz",
      "integrity": "sha512-isyNax3wXoKaulPDZWHQqbmIx1k2tb9fb3GGDBRxCscfYV2Ch7WxPArBsFEG8s/safwXTT7H4QGhaIkTp9447w==",
      "dev": true
    },
    "node_modules/wrappy": {
      "version": "1.0.2",
      "resolved": "https://registry.npmjs.org/wrappy/-/wrappy-1.0.2.tgz",
      "integrity": "sha512-l4Sp/DRseor9wL6EvV2+TuQn63dMkPjZ/sp9XkghTEbV9KlPS1xUsZ3u7/IQO4wxtcFB4bgpQPRcR3QCvezPcQ==",
      "dev": true
    },
    "node_modules/yazl": {
      "version": "2.5.1",
      "resolved": "https://registry.npmjs.org/yazl/-/yazl-2.5.1.tgz",
      "integrity": "sha512-phENi2PLiHnHb6QBVot+dJnaAZ0xosj7p3fWl+znIjBDlnMI2PsZCJZ306BPTFOaHf5qdDEI8x5qFrSOBN5vrw==",
      "dev": true,
      "dependencies": {
        "buffer-crc32": "~0.2.3"
      }
    }
  }
}
